
Microsoft Visual Studio Solution File, Format Version 12.00
# Visual Studio 15
VisualStudioVersion = 15.0.26730.3
MinimumVisualStudioVersion = 10.0.40219.1
Project("{FAE04EC0-301F-11D3-BF4B-00C04F79EFBC}") = "MoralesExtraCredit", "MoralesExtraCredit\MoralesExtraCredit.csproj", "{76ACD7C6-51C7-4C69-8A93-C120B5F89BA1}"
EndProject
Global
	GlobalSection(SolutionConfigurationPlatforms) = preSolution
		Debug|Any CPU = Debug|Any CPU
		Release|Any CPU = Release|Any CPU
	EndGlobalSection
	GlobalSection(ProjectConfigurationPlatforms) = postSolution
		{76ACD7C6-51C7-4C69-8A93-C120B5F89BA1}.Debug|Any CPU.ActiveCfg = Debug|Any CPU
		{76ACD7C6-51C7-4C69-8A93-C120B5F89BA1}.Debug|Any CPU.Build.0 = Debug|Any CPU
		{76ACD7C6-51C7-4C69-8A93-C120B5F89BA1}.Release|Any CPU.ActiveCfg = Release|Any CPU
		{76ACD7C6-51C7-4C69-8A93-C120B5F89BA1}.Release|Any CPU.Build.0 = Release|Any CPU
	EndGlobalSection
	GlobalSection(SolutionProperties) = preSolution
		HideSolutionNode = FALSE
	EndGlobalSection
	GlobalSection(ExtensibilityGlobals) = postSolution
		SolutionGuid = {C332F83E-3524-47B7-B990-8DD9357E1E8B}
	EndGlobalSection
EndGlobal
