
Microsoft Visual Studio Solution File, Format Version 12.00
# Visual Studio 15
VisualStudioVersion = 15.0.27130.2003
MinimumVisualStudioVersion = 10.0.40219.1
Project("{FAE04EC0-301F-11D3-BF4B-00C04F79EFBC}") = "Project5", "Project5\Project5.csproj", "{9E5C108D-96BF-4143-AB57-39CF3D3D5EEE}"
EndProject
Global
	GlobalSection(SolutionConfigurationPlatforms) = preSolution
		Debug|Any CPU = Debug|Any CPU
		Release|Any CPU = Release|Any CPU
	EndGlobalSection
	GlobalSection(ProjectConfigurationPlatforms) = postSolution
		{9E5C108D-96BF-4143-AB57-39CF3D3D5EEE}.Debug|Any CPU.ActiveCfg = Debug|Any CPU
		{9E5C108D-96BF-4143-AB57-39CF3D3D5EEE}.Debug|Any CPU.Build.0 = Debug|Any CPU
		{9E5C108D-96BF-4143-AB57-39CF3D3D5EEE}.Release|Any CPU.ActiveCfg = Release|Any CPU
		{9E5C108D-96BF-4143-AB57-39CF3D3D5EEE}.Release|Any CPU.Build.0 = Release|Any CPU
	EndGlobalSection
	GlobalSection(SolutionProperties) = preSolution
		HideSolutionNode = FALSE
	EndGlobalSection
	GlobalSection(ExtensibilityGlobals) = postSolution
		SolutionGuid = {826C6860-B718-4870-BEED-D6001ADE3740}
	EndGlobalSection
EndGlobal
